// !$*UTF8*$!
{
	archiveVersion = 1;
	classes = {
	};
	objectVersion = 50;
	objects = {

/* Begin PBXBuildFile section */
		7DA35552258A05890097DB08 /* 5860d9cb6302d.jpg in Resources */ = {isa = PBXBuildFile; fileRef = 7DA35551258A05890097DB08 /* 5860d9cb6302d.jpg */; };
		7DA355A1258AE8D20097DB08 /* love.jpg in Resources */ = {isa = PBXBuildFile; fileRef = 7DA3559E258AE8D10097DB08 /* love.jpg */; };
		7DA355A2258AE8D20097DB08 /* RemakeFrameworkPlist.plist in Resources */ = {isa = PBXBuildFile; fileRef = 7DA3559F258AE8D20097DB08 /* RemakeFrameworkPlist.plist */; };
		7DA355A3258AE8D20097DB08 /* what.jpeg in Resources */ = {isa = PBXBuildFile; fileRef = 7DA355A0258AE8D20097DB08 /* what.jpeg */; };
		7DA355A5258AEE750097DB08 /* TFWSDK.xcworkspace in Resources */ = {isa = PBXBuildFile; fileRef = 7DA355A4258AEE750097DB08 /* TFWSDK.xcworkspace */; };
/* End PBXBuildFile section */

/* Begin PBXFileReference section */
		7DA35548258A04E40097DB08 /* TFWSDK.bundle */ = {isa = PBXFileReference; explicitFileType = wrapper.cfbundle; includeInIndex = 0; path = TFWSDK.bundle; sourceTree = BUILT_PRODUCTS_DIR; };
		7DA3554B258A04E40097DB08 /* Info.plist */ = {isa = PBXFileReference; lastKnownFileType = text.plist.xml; path = Info.plist; sourceTree = "<group>"; };
		7DA35551258A05890097DB08 /* 5860d9cb6302d.jpg */ = {isa = PBXFileReference; lastKnownFileType = image.jpeg; path = 5860d9cb6302d.jpg; sourceTree = "<group>"; };
		7DA3559E258AE8D10097DB08 /* love.jpg */ = {isa = PBXFileReference; lastKnownFileType = image.jpeg; path = love.jpg; sourceTree = "<group>"; };
		7DA3559F258AE8D20097DB08 /* RemakeFrameworkPlist.plist */ = {isa = PBXFileReference; fileEncoding = 4; lastKnownFileType = text.plist.xml; path = RemakeFrameworkPlist.plist; sourceTree = "<group>"; };
		7DA355A0258AE8D20097DB08 /* what.jpeg */ = {isa = PBXFileReference; lastKnownFileType = image.jpeg; path = what.jpeg; sourceTree = "<group>"; };
		7DA355A4258AEE750097DB08 /* TFWSDK.xcworkspace */ = {isa = PBXFileReference; lastKnownFileType = wrapper.workspace; name = TFWSDK.xcworkspace; path = ../TFWSDK.xcworkspace; sourceTree = "<group>"; };
/* End PBXFileReference section */

/* Begin PBXFrameworksBuildPhase section */
		7DA35545258A04E40097DB08 /* Frameworks */ = {
			isa = PBXFrameworksBuildPhase;
			buildActionMask = 2147483647;
			files = (
			);
			runOnlyForDeploymentPostprocessing = 0;
		};
/* End PBXFrameworksBuildPhase section */

/* Begin PBXGroup section */
		7DA3553F258A04E40097DB08 = {
			isa = PBXGroup;
			children = (
				7DA355A4258AEE750097DB08 /* TFWSDK.xcworkspace */,
				7DA3554A258A04E40097DB08 /* TFWSDKResource */,
				7DA35549258A04E40097DB08 /* Products */,
			);
			sourceTree = "<group>";
		};
		7DA35549258A04E40097DB08 /* Products */ = {
			isa = PBXGroup;
			children = (
				7DA35548258A04E40097DB08 /* TFWSDK.bundle */,
			);
			name = Products;
			sourceTree = "<group>";
		};
		7DA3554A258A04E40097DB08 /* TFWSDKResource */ = {
			isa = PBXGroup;
			children = (
				7DA3559E258AE8D10097DB08 /* love.jpg */,
				7DA3559F258AE8D20097DB08 /* RemakeFrameworkPlist.plist */,
				7DA355A0258AE8D20097DB08 /* what.jpeg */,
				7DA35551258A05890097DB08 /* 5860d9cb6302d.jpg */,
				7DA3554B258A04E40097DB08 /* Info.plist */,
			);
			path = TFWSDKResource;
			sourceTree = "<group>";
		};
/* End PBXGroup section */

/* Begin PBXNativeTarget section */
		7DA35547258A04E40097DB08 /* TFWSDKResource */ = {
			isa = PBXNativeTarget;
			buildConfigurationList = 7DA3554E258A04E40097DB08 /* Build configuration list for PBXNativeTarget "TFWSDKResource" */;
			buildPhases = (
				7DA35544258A04E40097DB08 /* Sources */,
				7DA35545258A04E40097DB08 /* Frameworks */,
				7DA35546258A04E40097DB08 /* Resources */,
			);
			buildRules = (
			);
			dependencies = (
			);
			name = TFWSDKResource;
			productName = TFWSDKResource;
			productReference = 7DA35548258A04E40097DB08 /* TFWSDK.bundle */;
			productType = "com.apple.product-type.bundle";
		};
/* End PBXNativeTarget section */

/* Begin PBXProject section */
		7DA35540258A04E40097DB08 /* Project object */ = {
			isa = PBXProject;
			attributes = {
				LastUpgradeCheck = 1130;
				ORGANIZATIONNAME = Willian;
				TargetAttributes = {
					7DA35547258A04E40097DB08 = {
						CreatedOnToolsVersion = 11.3.1;
					};
				};
			};
			buildConfigurationList = 7DA35543258A04E40097DB08 /* Build configuration list for PBXProject "TFWSDKResource" */;
			compatibilityVersion = "Xcode 9.3";
			developmentRegion = en;
			hasScannedForEncodings = 0;
			knownRegions = (
				en,
				Base,
			);
			mainGroup = 7DA3553F258A04E40097DB08;
			productRefGroup = 7DA35549258A04E40097DB08 /* Products */;
			projectDirPath = "";
			projectRoot = "";
			targets = (
				7DA35547258A04E40097DB08 /* TFWSDKResource */,
			);
		};
/* End PBXProject section */

/* Begin PBXResourcesBuildPhase section */
		7DA35546258A04E40097DB08 /* Resources */ = {
			isa = PBXResourcesBuildPhase;
			buildActionMask = 2147483647;
			files = (
				7DA35552258A05890097DB08 /* 5860d9cb6302d.jpg in Resources */,
				7DA355A3258AE8D20097DB08 /* what.jpeg in Resources */,
				7DA355A2258AE8D20097DB08 /* RemakeFrameworkPlist.plist in Resources */,
				7DA355A1258AE8D20097DB08 /* love.jpg in Resources */,
				7DA355A5258AEE750097DB08 /* TFWSDK.xcworkspace in Resources */,
			);
			runOnlyForDeploymentPostprocessing = 0;
		};
/* End PBXResourcesBuildPhase section */

/* Begin PBXSourcesBuildPhase section */
		7DA35544258A04E40097DB08 /* Sources */ = {
			isa = PBXSourcesBuildPhase;
			buildActionMask = 2147483647;
			files = (
			);
			runOnlyForDeploymentPostprocessing = 0;
		};
/* End PBXSourcesBuildPhase section */

/* Begin XCBuildConfiguration section */
		7DA3554C258A04E40097DB08 /* Debug */ = {
			isa = XCBuildConfiguration;
			buildSettings = {
				ALWAYS_SEARCH_USER_PATHS = NO;
				CLANG_ANALYZER_NONNULL = YES;
				CLANG_ANALYZER_NUMBER_OBJECT_CONVERSION = YES_AGGRESSIVE;
				CLANG_CXX_LANGUAGE_STANDARD = "gnu++14";
				CLANG_CXX_LIBRARY = "libc++";
				CLANG_ENABLE_MODULES = YES;
				CLANG_ENABLE_OBJC_ARC = YES;
				CLANG_ENABLE_OBJC_WEAK = YES;
				CLANG_WARN_BLOCK_CAPTURE_AUTORELEASING = YES;
				CLANG_WARN_BOOL_CONVERSION = YES;
				CLANG_WARN_COMMA = YES;
				CLANG_WARN_CONSTANT_CONVERSION = YES;
				CLANG_WARN_DEPRECATED_OBJC_IMPLEMENTATIONS = YES;
				CLANG_WARN_DIRECT_OBJC_ISA_USAGE = YES_ERROR;
				CLANG_WARN_DOCUMENTATION_COMMENTS = YES;
				CLANG_WARN_EMPTY_BODY = YES;
				CLANG_WARN_ENUM_CONVERSION = YES;
				CLANG_WARN_INFINITE_RECURSION = YES;
				CLANG_WARN_INT_CONVERSION = YES;
				CLANG_WARN_NON_LITERAL_NULL_CONVERSION = YES;
				CLANG_WARN_OBJC_IMPLICIT_RETAIN_SELF = YES;
				CLANG_WARN_OBJC_LITERAL_CONVERSION = YES;
				CLANG_WARN_OBJC_ROOT_CLASS = YES_ERROR;
				CLANG_WARN_RANGE_LOOP_ANALYSIS = YES;
				CLANG_WARN_STRICT_PROTOTYPES = YES;
				CLANG_WARN_SUSPICIOUS_MOVE = YES;
				CLANG_WARN_UNGUARDED_AVAILABILITY = YES_AGGRESSIVE;
				CLANG_WARN_UNREACHABLE_CODE = YES;
				CLANG_WARN__DUPLICATE_METHOD_MATCH = YES;
				COPY_PHASE_STRIP = NO;
				DEBUG_INFORMATION_FORMAT = dwarf;
				ENABLE_STRICT_OBJC_MSGSEND = YES;
				ENABLE_TESTABILITY = YES;
				GCC_C_LANGUAGE_STANDARD = gnu11;
				GCC_DYNAMIC_NO_PIC = NO;
				GCC_NO_COMMON_BLOCKS = YES;
				GCC_OPTIMIZATION_LEVEL = 0;
				GCC_PREPROCESSOR_DEFINITIONS = (
					"DEBUG=1",
					"$(inherited)",
				);
				GCC_WARN_64_TO_32_BIT_CONVERSION = YES;
				GCC_WARN_ABOUT_RETURN_TYPE = YES_ERROR;
				GCC_WARN_UNDECLARED_SELECTOR = YES;
				GCC_WARN_UNINITIALIZED_AUTOS = YES_AGGRESSIVE;
				GCC_WARN_UNUSED_FUNCTION = YES;
				GCC_WARN_UNUSED_VARIABLE = YES;
				MACOSX_DEPLOYMENT_TARGET = 10.16;
				MTL_ENABLE_DEBUG_INFO = INCLUDE_SOURCE;
				MTL_FAST_MATH = YES;
				ONLY_ACTIVE_ARCH = YES;
				SDKROOT = macosx;
			};
			name = Debug;
		};
		7DA3554D258A04E40097DB08 /* Release */ = {
			isa = XCBuildConfiguration;
			buildSettings = {
				ALWAYS_SEARCH_USER_PATHS = NO;
				CLANG_ANALYZER_NONNULL = YES;
				CLANG_ANALYZER_NUMBER_OBJECT_CONVERSION = YES_AGGRESSIVE;
				CLANG_CXX_LANGUAGE_STANDARD = "gnu++14";
				CLANG_CXX_LIBRARY = "libc++";
				CLANG_ENABLE_MODULES = YES;
				CLANG_ENABLE_OBJC_ARC = YES;
				CLANG_ENABLE_OBJC_WEAK = YES;
				CLANG_WARN_BLOCK_CAPTURE_AUTORELEASING = YES;
				CLANG_WARN_BOOL_CONVERSION = YES;
				CLANG_WARN_COMMA = YES;
				CLANG_WARN_CONSTANT_CONVERSION = YES;
				CLANG_WARN_DEPRECATED_OBJC_IMPLEMENTATIONS = YES;
				CLANG_WARN_DIRECT_OBJC_ISA_USAGE = YES_ERROR;
				CLANG_WARN_DOCUMENTATION_COMMENTS = YES;
				CLANG_WARN_EMPTY_BODY = YES;
				CLANG_WARN_ENUM_CONVERSION = YES;
				CLANG_WARN_INFINITE_RECURSION = YES;
				CLANG_WARN_INT_CONVERSION = YES;
				CLANG_WARN_NON_LITERAL_NULL_CONVERSION = YES;
				CLANG_WARN_OBJC_IMPLICIT_RETAIN_SELF = YES;
				CLANG_WARN_OBJC_LITERAL_CONVERSION = YES;
				CLANG_WARN_OBJC_ROOT_CLASS = YES_ERROR;
				CLANG_WARN_RANGE_LOOP_ANALYSIS = YES;
				CLANG_WARN_STRICT_PROTOTYPES = YES;
				CLANG_WARN_SUSPICIOUS_MOVE = YES;
				CLANG_WARN_UNGUARDED_AVAILABILITY = YES_AGGRESSIVE;
				CLANG_WARN_UNREACHABLE_CODE = YES;
				CLANG_WARN__DUPLICATE_METHOD_MATCH = YES;
				COPY_PHASE_STRIP = NO;
				DEBUG_INFORMATION_FORMAT = "dwarf-with-dsym";
				ENABLE_NS_ASSERTIONS = NO;
				ENABLE_STRICT_OBJC_MSGSEND = YES;
				GCC_C_LANGUAGE_STANDARD = gnu11;
				GCC_NO_COMMON_BLOCKS = YES;
				GCC_WARN_64_TO_32_BIT_CONVERSION = YES;
				GCC_WARN_ABOUT_RETURN_TYPE = YES_ERROR;
				GCC_WARN_UNDECLARED_SELECTOR = YES;
				GCC_WARN_UNINITIALIZED_AUTOS = YES_AGGRESSIVE;
				GCC_WARN_UNUSED_FUNCTION = YES;
				GCC_WARN_UNUSED_VARIABLE = YES;
				MACOSX_DEPLOYMENT_TARGET = 10.16;
				MTL_ENABLE_DEBUG_INFO = NO;
				MTL_FAST_MATH = YES;
				SDKROOT = macosx;
			};
			name = Release;
		};
		7DA3554F258A04E40097DB08 /* Debug */ = {
			isa = XCBuildConfiguration;
			buildSettings = {
				CODE_SIGN_STYLE = Automatic;
				COMBINE_HIDPI_IMAGES = YES;
				DEVELOPMENT_TEAM = 88QQ9A525M;
				INFOPLIST_FILE = "";
				INSTALL_PATH = "$(LOCAL_LIBRARY_DIR)/Bundles";
				IPHONEOS_DEPLOYMENT_TARGET = 10.0;
				ONLY_ACTIVE_ARCH = NO;
				PRODUCT_BUNDLE_IDENTIFIER = com.willian.TFWSDKResource;
				PRODUCT_NAME = TFWSDK;
				SDKROOT = iphoneos;
				SKIP_INSTALL = YES;
				WRAPPER_EXTENSION = bundle;
			};
			name = Debug;
		};
		7DA35550258A04E40097DB08 /* Release */ = {
			isa = XCBuildConfiguration;
			buildSettings = {
				CODE_SIGN_STYLE = Automatic;
				COMBINE_HIDPI_IMAGES = YES;
				DEVELOPMENT_TEAM = 88QQ9A525M;
				INFOPLIST_FILE = "";
				INSTALL_PATH = "$(LOCAL_LIBRARY_DIR)/Bundles";
				IPHONEOS_DEPLOYMENT_TARGET = 10.0;
				ONLY_ACTIVE_ARCH = NO;
				PRODUCT_BUNDLE_IDENTIFIER = com.willian.TFWSDKResource;
				PRODUCT_NAME = TFWSDK;
				SDKROOT = iphoneos;
				SKIP_INSTALL = YES;
				WRAPPER_EXTENSION = bundle;
			};
			name = Release;
		};
/* End XCBuildConfiguration section */

/* Begin XCConfigurationList section */
		7DA35543258A04E40097DB08 /* Build configuration list for PBXProject "TFWSDKResource" */ = {
			isa = XCConfigurationList;
			buildConfigurations = (
				7DA3554C258A04E40097DB08 /* Debug */,
				7DA3554D258A04E40097DB08 /* Release */,
			);
			defaultConfigurationIsVisible = 0;
			defaultConfigurationName = Release;
		};
		7DA3554E258A04E40097DB08 /* Build configuration list for PBXNativeTarget "TFWSDKResource" */ = {
			isa = XCConfigurationList;
			buildConfigurations = (
				7DA3554F258A04E40097DB08 /* Debug */,
				7DA35550258A04E40097DB08 /* Release */,
			);
			defaultConfigurationIsVisible = 0;
			defaultConfigurationName = Release;
		};
/* End XCConfigurationList section */
	};
	rootObject = 7DA35540258A04E40097DB08 /* Project object */;
}
