// !$*UTF8*$!
{
	archiveVersion = 1;
	classes = {
	};
	objectVersion = 51;
	objects = {

/* Begin PBXBuildFile section */
		7DA355322589FF710097DB08 /* TFWSDK.h in Headers */ = {isa = PBXBuildFile; fileRef = 7DA355302589FF710097DB08 /* TFWSDK.h */; settings = {ATTRIBUTES = (Public, ); }; };
		7DA3553D258A013C0097DB08 /* TFWSDK_Dog.h in Headers */ = {isa = PBXBuildFile; fileRef = 7DA3553B258A013C0097DB08 /* TFWSDK_Dog.h */; settings = {ATTRIBUTES = (Public, ); }; };
		7DA3553E258A013C0097DB08 /* TFWSDK_Dog.m in Sources */ = {isa = PBXBuildFile; fileRef = 7DA3553C258A013C0097DB08 /* TFWSDK_Dog.m */; };
		7DA35555258A06120097DB08 /* TFWSDK_Image.h in Headers */ = {isa = PBXBuildFile; fileRef = 7DA35553258A06120097DB08 /* TFWSDK_Image.h */; settings = {ATTRIBUTES = (Public, ); }; };
		7DA35556258A06120097DB08 /* TFWSDK_Image.m in Sources */ = {isa = PBXBuildFile; fileRef = 7DA35554258A06120097DB08 /* TFWSDK_Image.m */; };
		7DA3558F258AE8150097DB08 /* TestXibViewController.h in Headers */ = {isa = PBXBuildFile; fileRef = 7DA35580258AE8140097DB08 /* TestXibViewController.h */; settings = {ATTRIBUTES = (Public, ); }; };
		7DA35590258AE8150097DB08 /* TestPlayVideoViewController.h in Headers */ = {isa = PBXBuildFile; fileRef = 7DA35581258AE8140097DB08 /* TestPlayVideoViewController.h */; settings = {ATTRIBUTES = (Public, ); }; };
		7DA35591258AE8150097DB08 /* TestPlayVideoViewController.m in Sources */ = {isa = PBXBuildFile; fileRef = 7DA35582258AE8140097DB08 /* TestPlayVideoViewController.m */; };
		7DA35592258AE8150097DB08 /* TestPlayAudioViewController.h in Headers */ = {isa = PBXBuildFile; fileRef = 7DA35583258AE8140097DB08 /* TestPlayAudioViewController.h */; settings = {ATTRIBUTES = (Public, ); }; };
		7DA35593258AE8150097DB08 /* TestClassFilesClass.h in Headers */ = {isa = PBXBuildFile; fileRef = 7DA35584258AE8140097DB08 /* TestClassFilesClass.h */; settings = {ATTRIBUTES = (Public, ); }; };
		7DA35594258AE8150097DB08 /* TestViewController.h in Headers */ = {isa = PBXBuildFile; fileRef = 7DA35585258AE8140097DB08 /* TestViewController.h */; settings = {ATTRIBUTES = (Public, ); }; };
		7DA35595258AE8150097DB08 /* TestLayoutView.h in Headers */ = {isa = PBXBuildFile; fileRef = 7DA35586258AE8140097DB08 /* TestLayoutView.h */; };
		7DA35596258AE8150097DB08 /* TestXibViewController.xib in Resources */ = {isa = PBXBuildFile; fileRef = 7DA35587258AE8140097DB08 /* TestXibViewController.xib */; };
		7DA35597258AE8150097DB08 /* TestViewController.m in Sources */ = {isa = PBXBuildFile; fileRef = 7DA35588258AE8140097DB08 /* TestViewController.m */; };
		7DA35598258AE8150097DB08 /* TestLayoutView.m in Sources */ = {isa = PBXBuildFile; fileRef = 7DA35589258AE8140097DB08 /* TestLayoutView.m */; };
		7DA35599258AE8150097DB08 /* TestPlayAudioViewController.m in Sources */ = {isa = PBXBuildFile; fileRef = 7DA3558A258AE8140097DB08 /* TestPlayAudioViewController.m */; };
		7DA3559A258AE8150097DB08 /* TestClassFilesHideHearderClass.h in Headers */ = {isa = PBXBuildFile; fileRef = 7DA3558B258AE8150097DB08 /* TestClassFilesHideHearderClass.h */; };
		7DA3559B258AE8150097DB08 /* TestClassFilesHideHearderClass.m in Sources */ = {isa = PBXBuildFile; fileRef = 7DA3558C258AE8150097DB08 /* TestClassFilesHideHearderClass.m */; };
		7DA3559C258AE8150097DB08 /* TestXibViewController.m in Sources */ = {isa = PBXBuildFile; fileRef = 7DA3558D258AE8150097DB08 /* TestXibViewController.m */; };
		7DA3559D258AE8150097DB08 /* TestClassFilesClass.m in Sources */ = {isa = PBXBuildFile; fileRef = 7DA3558E258AE8150097DB08 /* TestClassFilesClass.m */; };
/* End PBXBuildFile section */

/* Begin PBXFileReference section */
		005135FB64854D9702183C54 /* Pods-TFWSDK.release.xcconfig */ = {isa = PBXFileReference; includeInIndex = 1; lastKnownFileType = text.xcconfig; name = "Pods-TFWSDK.release.xcconfig"; path = "Target Support Files/Pods-TFWSDK/Pods-TFWSDK.release.xcconfig"; sourceTree = "<group>"; };
		7DA3552D2589FF710097DB08 /* TFWSDK.framework */ = {isa = PBXFileReference; explicitFileType = wrapper.framework; includeInIndex = 0; path = TFWSDK.framework; sourceTree = BUILT_PRODUCTS_DIR; };
		7DA355302589FF710097DB08 /* TFWSDK.h */ = {isa = PBXFileReference; lastKnownFileType = sourcecode.c.h; path = TFWSDK.h; sourceTree = "<group>"; };
		7DA355312589FF710097DB08 /* Info.plist */ = {isa = PBXFileReference; lastKnownFileType = text.plist.xml; path = Info.plist; sourceTree = "<group>"; };
		7DA3553B258A013C0097DB08 /* TFWSDK_Dog.h */ = {isa = PBXFileReference; lastKnownFileType = sourcecode.c.h; path = TFWSDK_Dog.h; sourceTree = "<group>"; };
		7DA3553C258A013C0097DB08 /* TFWSDK_Dog.m */ = {isa = PBXFileReference; lastKnownFileType = sourcecode.c.objc; path = TFWSDK_Dog.m; sourceTree = "<group>"; };
		7DA35553258A06120097DB08 /* TFWSDK_Image.h */ = {isa = PBXFileReference; lastKnownFileType = sourcecode.c.h; path = TFWSDK_Image.h; sourceTree = "<group>"; };
		7DA35554258A06120097DB08 /* TFWSDK_Image.m */ = {isa = PBXFileReference; lastKnownFileType = sourcecode.c.objc; path = TFWSDK_Image.m; sourceTree = "<group>"; };
		7DA35580258AE8140097DB08 /* TestXibViewController.h */ = {isa = PBXFileReference; fileEncoding = 4; lastKnownFileType = sourcecode.c.h; path = TestXibViewController.h; sourceTree = "<group>"; };
		7DA35581258AE8140097DB08 /* TestPlayVideoViewController.h */ = {isa = PBXFileReference; fileEncoding = 4; lastKnownFileType = sourcecode.c.h; path = TestPlayVideoViewController.h; sourceTree = "<group>"; };
		7DA35582258AE8140097DB08 /* TestPlayVideoViewController.m */ = {isa = PBXFileReference; fileEncoding = 4; lastKnownFileType = sourcecode.c.objc; path = TestPlayVideoViewController.m; sourceTree = "<group>"; };
		7DA35583258AE8140097DB08 /* TestPlayAudioViewController.h */ = {isa = PBXFileReference; fileEncoding = 4; lastKnownFileType = sourcecode.c.h; path = TestPlayAudioViewController.h; sourceTree = "<group>"; };
		7DA35584258AE8140097DB08 /* TestClassFilesClass.h */ = {isa = PBXFileReference; fileEncoding = 4; lastKnownFileType = sourcecode.c.h; path = TestClassFilesClass.h; sourceTree = "<group>"; };
		7DA35585258AE8140097DB08 /* TestViewController.h */ = {isa = PBXFileReference; fileEncoding = 4; lastKnownFileType = sourcecode.c.h; path = TestViewController.h; sourceTree = "<group>"; };
		7DA35586258AE8140097DB08 /* TestLayoutView.h */ = {isa = PBXFileReference; fileEncoding = 4; lastKnownFileType = sourcecode.c.h; path = TestLayoutView.h; sourceTree = "<group>"; };
		7DA35587258AE8140097DB08 /* TestXibViewController.xib */ = {isa = PBXFileReference; fileEncoding = 4; lastKnownFileType = file.xib; path = TestXibViewController.xib; sourceTree = "<group>"; };
		7DA35588258AE8140097DB08 /* TestViewController.m */ = {isa = PBXFileReference; fileEncoding = 4; lastKnownFileType = sourcecode.c.objc; path = TestViewController.m; sourceTree = "<group>"; };
		7DA35589258AE8140097DB08 /* TestLayoutView.m */ = {isa = PBXFileReference; fileEncoding = 4; lastKnownFileType = sourcecode.c.objc; path = TestLayoutView.m; sourceTree = "<group>"; };
		7DA3558A258AE8140097DB08 /* TestPlayAudioViewController.m */ = {isa = PBXFileReference; fileEncoding = 4; lastKnownFileType = sourcecode.c.objc; path = TestPlayAudioViewController.m; sourceTree = "<group>"; };
		7DA3558B258AE8150097DB08 /* TestClassFilesHideHearderClass.h */ = {isa = PBXFileReference; fileEncoding = 4; lastKnownFileType = sourcecode.c.h; path = TestClassFilesHideHearderClass.h; sourceTree = "<group>"; };
		7DA3558C258AE8150097DB08 /* TestClassFilesHideHearderClass.m */ = {isa = PBXFileReference; fileEncoding = 4; lastKnownFileType = sourcecode.c.objc; path = TestClassFilesHideHearderClass.m; sourceTree = "<group>"; };
		7DA3558D258AE8150097DB08 /* TestXibViewController.m */ = {isa = PBXFileReference; fileEncoding = 4; lastKnownFileType = sourcecode.c.objc; path = TestXibViewController.m; sourceTree = "<group>"; };
		7DA3558E258AE8150097DB08 /* TestClassFilesClass.m */ = {isa = PBXFileReference; fileEncoding = 4; lastKnownFileType = sourcecode.c.objc; path = TestClassFilesClass.m; sourceTree = "<group>"; };
		7DA355A6258AEFDA0097DB08 /* libPods-TFWSDK.a */ = {isa = PBXFileReference; explicitFileType = archive.ar; path = "libPods-TFWSDK.a"; sourceTree = BUILT_PRODUCTS_DIR; };
		D8B3294193C4774B7E9E9FB6 /* Pods-TFWSDK.debug.xcconfig */ = {isa = PBXFileReference; includeInIndex = 1; lastKnownFileType = text.xcconfig; name = "Pods-TFWSDK.debug.xcconfig"; path = "Target Support Files/Pods-TFWSDK/Pods-TFWSDK.debug.xcconfig"; sourceTree = "<group>"; };
/* End PBXFileReference section */

/* Begin PBXFrameworksBuildPhase section */
		7DA3552A2589FF710097DB08 /* Frameworks */ = {
			isa = PBXFrameworksBuildPhase;
			buildActionMask = 2147483647;
			files = (
			);
			runOnlyForDeploymentPostprocessing = 0;
		};
/* End PBXFrameworksBuildPhase section */

/* Begin PBXGroup section */
		13C131E5FF1489E7A2F26BA8 /* Frameworks */ = {
			isa = PBXGroup;
			children = (
				7DA355A6258AEFDA0097DB08 /* libPods-TFWSDK.a */,
			);
			name = Frameworks;
			sourceTree = "<group>";
		};
		7DA355232589FF710097DB08 = {
			isa = PBXGroup;
			children = (
				7DA3552F2589FF710097DB08 /* TFWSDK */,
				7DA3552E2589FF710097DB08 /* Products */,
				F70C7C5F08C1C59F2A908A41 /* Pods */,
				13C131E5FF1489E7A2F26BA8 /* Frameworks */,
			);
			sourceTree = "<group>";
		};
		7DA3552E2589FF710097DB08 /* Products */ = {
			isa = PBXGroup;
			children = (
				7DA3552D2589FF710097DB08 /* TFWSDK.framework */,
			);
			name = Products;
			sourceTree = "<group>";
		};
		7DA3552F2589FF710097DB08 /* TFWSDK */ = {
			isa = PBXGroup;
			children = (
				7DA35584258AE8140097DB08 /* TestClassFilesClass.h */,
				7DA3558E258AE8150097DB08 /* TestClassFilesClass.m */,
				7DA3558B258AE8150097DB08 /* TestClassFilesHideHearderClass.h */,
				7DA3558C258AE8150097DB08 /* TestClassFilesHideHearderClass.m */,
				7DA35586258AE8140097DB08 /* TestLayoutView.h */,
				7DA35589258AE8140097DB08 /* TestLayoutView.m */,
				7DA35583258AE8140097DB08 /* TestPlayAudioViewController.h */,
				7DA3558A258AE8140097DB08 /* TestPlayAudioViewController.m */,
				7DA35581258AE8140097DB08 /* TestPlayVideoViewController.h */,
				7DA35582258AE8140097DB08 /* TestPlayVideoViewController.m */,
				7DA35585258AE8140097DB08 /* TestViewController.h */,
				7DA35588258AE8140097DB08 /* TestViewController.m */,
				7DA35580258AE8140097DB08 /* TestXibViewController.h */,
				7DA3558D258AE8150097DB08 /* TestXibViewController.m */,
				7DA35587258AE8140097DB08 /* TestXibViewController.xib */,
				7DA355302589FF710097DB08 /* TFWSDK.h */,
				7DA355312589FF710097DB08 /* Info.plist */,
				7DA3553B258A013C0097DB08 /* TFWSDK_Dog.h */,
				7DA3553C258A013C0097DB08 /* TFWSDK_Dog.m */,
				7DA35553258A06120097DB08 /* TFWSDK_Image.h */,
				7DA35554258A06120097DB08 /* TFWSDK_Image.m */,
			);
			path = TFWSDK;
			sourceTree = "<group>";
		};
		F70C7C5F08C1C59F2A908A41 /* Pods */ = {
			isa = PBXGroup;
			children = (
				D8B3294193C4774B7E9E9FB6 /* Pods-TFWSDK.debug.xcconfig */,
				005135FB64854D9702183C54 /* Pods-TFWSDK.release.xcconfig */,
			);
			path = Pods;
			sourceTree = "<group>";
		};
/* End PBXGroup section */

/* Begin PBXHeadersBuildPhase section */
		7DA355282589FF710097DB08 /* Headers */ = {
			isa = PBXHeadersBuildPhase;
			buildActionMask = 2147483647;
			files = (
				7DA35590258AE8150097DB08 /* TestPlayVideoViewController.h in Headers */,
				7DA35594258AE8150097DB08 /* TestViewController.h in Headers */,
				7DA35592258AE8150097DB08 /* TestPlayAudioViewController.h in Headers */,
				7DA3558F258AE8150097DB08 /* TestXibViewController.h in Headers */,
				7DA35593258AE8150097DB08 /* TestClassFilesClass.h in Headers */,
				7DA3553D258A013C0097DB08 /* TFWSDK_Dog.h in Headers */,
				7DA355322589FF710097DB08 /* TFWSDK.h in Headers */,
				7DA35555258A06120097DB08 /* TFWSDK_Image.h in Headers */,
				7DA3559A258AE8150097DB08 /* TestClassFilesHideHearderClass.h in Headers */,
				7DA35595258AE8150097DB08 /* TestLayoutView.h in Headers */,
			);
			runOnlyForDeploymentPostprocessing = 0;
		};
/* End PBXHeadersBuildPhase section */

/* Begin PBXNativeTarget section */
		7DA3552C2589FF710097DB08 /* TFWSDK */ = {
			isa = PBXNativeTarget;
			buildConfigurationList = 7DA355352589FF710097DB08 /* Build configuration list for PBXNativeTarget "TFWSDK" */;
			buildPhases = (
				5DE5C183B8A7B0FDC0DD3C62 /* [CP] Check Pods Manifest.lock */,
				7DA355282589FF710097DB08 /* Headers */,
				7DA355292589FF710097DB08 /* Sources */,
				7DA3552A2589FF710097DB08 /* Frameworks */,
				7DA3552B2589FF710097DB08 /* Resources */,
				659B4068498175401E9161D6 /* [CP] Copy Pods Resources */,
			);
			buildRules = (
			);
			dependencies = (
			);
			name = TFWSDK;
			productName = TFWSDK;
			productReference = 7DA3552D2589FF710097DB08 /* TFWSDK.framework */;
			productType = "com.apple.product-type.framework";
		};
/* End PBXNativeTarget section */

/* Begin PBXProject section */
		7DA355242589FF710097DB08 /* Project object */ = {
			isa = PBXProject;
			attributes = {
				LastUpgradeCheck = 1130;
				ORGANIZATIONNAME = Willian;
				TargetAttributes = {
					7DA3552C2589FF710097DB08 = {
						CreatedOnToolsVersion = 11.3.1;
					};
				};
			};
			buildConfigurationList = 7DA355272589FF710097DB08 /* Build configuration list for PBXProject "TFWSDK" */;
			compatibilityVersion = "Xcode 9.3";
			developmentRegion = en;
			hasScannedForEncodings = 0;
			knownRegions = (
				en,
				Base,
			);
			mainGroup = 7DA355232589FF710097DB08;
			productRefGroup = 7DA3552E2589FF710097DB08 /* Products */;
			projectDirPath = "";
			projectRoot = "";
			targets = (
				7DA3552C2589FF710097DB08 /* TFWSDK */,
			);
		};
/* End PBXProject section */

/* Begin PBXResourcesBuildPhase section */
		7DA3552B2589FF710097DB08 /* Resources */ = {
			isa = PBXResourcesBuildPhase;
			buildActionMask = 2147483647;
			files = (
				7DA35596258AE8150097DB08 /* TestXibViewController.xib in Resources */,
			);
			runOnlyForDeploymentPostprocessing = 0;
		};
/* End PBXResourcesBuildPhase section */

/* Begin PBXShellScriptBuildPhase section */
		5DE5C183B8A7B0FDC0DD3C62 /* [CP] Check Pods Manifest.lock */ = {
			isa = PBXShellScriptBuildPhase;
			buildActionMask = 2147483647;
			files = (
			);
			inputFileListPaths = (
			);
			inputPaths = (
				"${PODS_PODFILE_DIR_PATH}/Podfile.lock",
				"${PODS_ROOT}/Manifest.lock",
			);
			name = "[CP] Check Pods Manifest.lock";
			outputFileListPaths = (
			);
			outputPaths = (
				"$(DERIVED_FILE_DIR)/Pods-TFWSDK-checkManifestLockResult.txt",
			);
			runOnlyForDeploymentPostprocessing = 0;
			shellPath = /bin/sh;
			shellScript = "diff \"${PODS_PODFILE_DIR_PATH}/Podfile.lock\" \"${PODS_ROOT}/Manifest.lock\" > /dev/null\nif [ $? != 0 ] ; then\n    # print error to STDERR\n    echo \"error: The sandbox is not in sync with the Podfile.lock. Run 'pod install' or update your CocoaPods installation.\" >&2\n    exit 1\nfi\n# This output is used by Xcode 'outputs' to avoid re-running this script phase.\necho \"SUCCESS\" > \"${SCRIPT_OUTPUT_FILE_0}\"\n";
			showEnvVarsInLog = 0;
		};
		659B4068498175401E9161D6 /* [CP] Copy Pods Resources */ = {
			isa = PBXShellScriptBuildPhase;
			buildActionMask = 2147483647;
			files = (
			);
			inputFileListPaths = (
				"${PODS_ROOT}/Target Support Files/Pods-TFWSDK/Pods-TFWSDK-resources-${CONFIGURATION}-input-files.xcfilelist",
			);
			name = "[CP] Copy Pods Resources";
			outputFileListPaths = (
				"${PODS_ROOT}/Target Support Files/Pods-TFWSDK/Pods-TFWSDK-resources-${CONFIGURATION}-output-files.xcfilelist",
			);
			runOnlyForDeploymentPostprocessing = 0;
			shellPath = /bin/sh;
			shellScript = "\"${PODS_ROOT}/Target Support Files/Pods-TFWSDK/Pods-TFWSDK-resources.sh\"\n";
			showEnvVarsInLog = 0;
		};
/* End PBXShellScriptBuildPhase section */

/* Begin PBXSourcesBuildPhase section */
		7DA355292589FF710097DB08 /* Sources */ = {
			isa = PBXSourcesBuildPhase;
			buildActionMask = 2147483647;
			files = (
				7DA35556258A06120097DB08 /* TFWSDK_Image.m in Sources */,
				7DA35599258AE8150097DB08 /* TestPlayAudioViewController.m in Sources */,
				7DA35591258AE8150097DB08 /* TestPlayVideoViewController.m in Sources */,
				7DA35598258AE8150097DB08 /* TestLayoutView.m in Sources */,
				7DA3559C258AE8150097DB08 /* TestXibViewController.m in Sources */,
				7DA3559B258AE8150097DB08 /* TestClassFilesHideHearderClass.m in Sources */,
				7DA3559D258AE8150097DB08 /* TestClassFilesClass.m in Sources */,
				7DA35597258AE8150097DB08 /* TestViewController.m in Sources */,
				7DA3553E258A013C0097DB08 /* TFWSDK_Dog.m in Sources */,
			);
			runOnlyForDeploymentPostprocessing = 0;
		};
/* End PBXSourcesBuildPhase section */

/* Begin XCBuildConfiguration section */
		7DA355332589FF710097DB08 /* Debug */ = {
			isa = XCBuildConfiguration;
			buildSettings = {
				ALWAYS_SEARCH_USER_PATHS = NO;
				CLANG_ANALYZER_NONNULL = YES;
				CLANG_ANALYZER_NUMBER_OBJECT_CONVERSION = YES_AGGRESSIVE;
				CLANG_CXX_LANGUAGE_STANDARD = "gnu++14";
				CLANG_CXX_LIBRARY = "libc++";
				CLANG_ENABLE_MODULES = YES;
				CLANG_ENABLE_OBJC_ARC = YES;
				CLANG_ENABLE_OBJC_WEAK = YES;
				CLANG_WARN_BLOCK_CAPTURE_AUTORELEASING = YES;
				CLANG_WARN_BOOL_CONVERSION = YES;
				CLANG_WARN_COMMA = YES;
				CLANG_WARN_CONSTANT_CONVERSION = YES;
				CLANG_WARN_DEPRECATED_OBJC_IMPLEMENTATIONS = YES;
				CLANG_WARN_DIRECT_OBJC_ISA_USAGE = YES_ERROR;
				CLANG_WARN_DOCUMENTATION_COMMENTS = YES;
				CLANG_WARN_EMPTY_BODY = YES;
				CLANG_WARN_ENUM_CONVERSION = YES;
				CLANG_WARN_INFINITE_RECURSION = YES;
				CLANG_WARN_INT_CONVERSION = YES;
				CLANG_WARN_NON_LITERAL_NULL_CONVERSION = YES;
				CLANG_WARN_OBJC_IMPLICIT_RETAIN_SELF = YES;
				CLANG_WARN_OBJC_LITERAL_CONVERSION = YES;
				CLANG_WARN_OBJC_ROOT_CLASS = YES_ERROR;
				CLANG_WARN_RANGE_LOOP_ANALYSIS = YES;
				CLANG_WARN_STRICT_PROTOTYPES = YES;
				CLANG_WARN_SUSPICIOUS_MOVE = YES;
				CLANG_WARN_UNGUARDED_AVAILABILITY = YES_AGGRESSIVE;
				CLANG_WARN_UNREACHABLE_CODE = YES;
				CLANG_WARN__DUPLICATE_METHOD_MATCH = YES;
				COPY_PHASE_STRIP = NO;
				CURRENT_PROJECT_VERSION = 1;
				DEBUG_INFORMATION_FORMAT = dwarf;
				ENABLE_STRICT_OBJC_MSGSEND = YES;
				ENABLE_TESTABILITY = YES;
				GCC_C_LANGUAGE_STANDARD = gnu11;
				GCC_DYNAMIC_NO_PIC = NO;
				GCC_NO_COMMON_BLOCKS = YES;
				GCC_OPTIMIZATION_LEVEL = 0;
				GCC_PREPROCESSOR_DEFINITIONS = (
					"DEBUG=1",
					"$(inherited)",
				);
				GCC_WARN_64_TO_32_BIT_CONVERSION = YES;
				GCC_WARN_ABOUT_RETURN_TYPE = YES_ERROR;
				GCC_WARN_UNDECLARED_SELECTOR = YES;
				GCC_WARN_UNINITIALIZED_AUTOS = YES_AGGRESSIVE;
				GCC_WARN_UNUSED_FUNCTION = YES;
				GCC_WARN_UNUSED_VARIABLE = YES;
				IPHONEOS_DEPLOYMENT_TARGET = 13.2;
				MTL_ENABLE_DEBUG_INFO = INCLUDE_SOURCE;
				MTL_FAST_MATH = YES;
				ONLY_ACTIVE_ARCH = YES;
				SDKROOT = iphoneos;
				VERSIONING_SYSTEM = "apple-generic";
				VERSION_INFO_PREFIX = "";
			};
			name = Debug;
		};
		7DA355342589FF710097DB08 /* Release */ = {
			isa = XCBuildConfiguration;
			buildSettings = {
				ALWAYS_SEARCH_USER_PATHS = NO;
				CLANG_ANALYZER_NONNULL = YES;
				CLANG_ANALYZER_NUMBER_OBJECT_CONVERSION = YES_AGGRESSIVE;
				CLANG_CXX_LANGUAGE_STANDARD = "gnu++14";
				CLANG_CXX_LIBRARY = "libc++";
				CLANG_ENABLE_MODULES = YES;
				CLANG_ENABLE_OBJC_ARC = YES;
				CLANG_ENABLE_OBJC_WEAK = YES;
				CLANG_WARN_BLOCK_CAPTURE_AUTORELEASING = YES;
				CLANG_WARN_BOOL_CONVERSION = YES;
				CLANG_WARN_COMMA = YES;
				CLANG_WARN_CONSTANT_CONVERSION = YES;
				CLANG_WARN_DEPRECATED_OBJC_IMPLEMENTATIONS = YES;
				CLANG_WARN_DIRECT_OBJC_ISA_USAGE = YES_ERROR;
				CLANG_WARN_DOCUMENTATION_COMMENTS = YES;
				CLANG_WARN_EMPTY_BODY = YES;
				CLANG_WARN_ENUM_CONVERSION = YES;
				CLANG_WARN_INFINITE_RECURSION = YES;
				CLANG_WARN_INT_CONVERSION = YES;
				CLANG_WARN_NON_LITERAL_NULL_CONVERSION = YES;
				CLANG_WARN_OBJC_IMPLICIT_RETAIN_SELF = YES;
				CLANG_WARN_OBJC_LITERAL_CONVERSION = YES;
				CLANG_WARN_OBJC_ROOT_CLASS = YES_ERROR;
				CLANG_WARN_RANGE_LOOP_ANALYSIS = YES;
				CLANG_WARN_STRICT_PROTOTYPES = YES;
				CLANG_WARN_SUSPICIOUS_MOVE = YES;
				CLANG_WARN_UNGUARDED_AVAILABILITY = YES_AGGRESSIVE;
				CLANG_WARN_UNREACHABLE_CODE = YES;
				CLANG_WARN__DUPLICATE_METHOD_MATCH = YES;
				COPY_PHASE_STRIP = NO;
				CURRENT_PROJECT_VERSION = 1;
				DEBUG_INFORMATION_FORMAT = "dwarf-with-dsym";
				ENABLE_NS_ASSERTIONS = NO;
				ENABLE_STRICT_OBJC_MSGSEND = YES;
				GCC_C_LANGUAGE_STANDARD = gnu11;
				GCC_NO_COMMON_BLOCKS = YES;
				GCC_WARN_64_TO_32_BIT_CONVERSION = YES;
				GCC_WARN_ABOUT_RETURN_TYPE = YES_ERROR;
				GCC_WARN_UNDECLARED_SELECTOR = YES;
				GCC_WARN_UNINITIALIZED_AUTOS = YES_AGGRESSIVE;
				GCC_WARN_UNUSED_FUNCTION = YES;
				GCC_WARN_UNUSED_VARIABLE = YES;
				IPHONEOS_DEPLOYMENT_TARGET = 13.2;
				MTL_ENABLE_DEBUG_INFO = NO;
				MTL_FAST_MATH = YES;
				SDKROOT = iphoneos;
				VALIDATE_PRODUCT = YES;
				VERSIONING_SYSTEM = "apple-generic";
				VERSION_INFO_PREFIX = "";
			};
			name = Release;
		};
		7DA355362589FF710097DB08 /* Debug */ = {
			isa = XCBuildConfiguration;
			baseConfigurationReference = D8B3294193C4774B7E9E9FB6 /* Pods-TFWSDK.debug.xcconfig */;
			buildSettings = {
				BITCODE_GENERATION_MODE = bitcode;
				CODE_SIGN_STYLE = Automatic;
				DEFINES_MODULE = YES;
				DEVELOPMENT_TEAM = 88QQ9A525M;
				DYLIB_COMPATIBILITY_VERSION = 1;
				DYLIB_CURRENT_VERSION = 1;
				DYLIB_INSTALL_NAME_BASE = "@rpath";
				INFOPLIST_FILE = TFWSDK/Info.plist;
				INSTALL_PATH = "$(LOCAL_LIBRARY_DIR)/Frameworks";
				IPHONEOS_DEPLOYMENT_TARGET = 10.0;
				LD_RUNPATH_SEARCH_PATHS = (
					"$(inherited)",
					"@executable_path/Frameworks",
					"@loader_path/Frameworks",
				);
				MACH_O_TYPE = staticlib;
				ONLY_ACTIVE_ARCH = NO;
				OTHER_LDFLAGS = (
					"$(inherited)",
					"-ObjC",
				);
				PRODUCT_BUNDLE_IDENTIFIER = com.willian.TFWSDK;
				PRODUCT_NAME = "$(TARGET_NAME:c99extidentifier)";
				SKIP_INSTALL = YES;
				TARGETED_DEVICE_FAMILY = "1,2";
			};
			name = Debug;
		};
		7DA355372589FF710097DB08 /* Release */ = {
			isa = XCBuildConfiguration;
			baseConfigurationReference = 005135FB64854D9702183C54 /* Pods-TFWSDK.release.xcconfig */;
			buildSettings = {
				BITCODE_GENERATION_MODE = bitcode;
				CODE_SIGN_STYLE = Automatic;
				DEFINES_MODULE = YES;
				DEVELOPMENT_TEAM = 88QQ9A525M;
				DYLIB_COMPATIBILITY_VERSION = 1;
				DYLIB_CURRENT_VERSION = 1;
				DYLIB_INSTALL_NAME_BASE = "@rpath";
				INFOPLIST_FILE = TFWSDK/Info.plist;
				INSTALL_PATH = "$(LOCAL_LIBRARY_DIR)/Frameworks";
				IPHONEOS_DEPLOYMENT_TARGET = 10.0;
				LD_RUNPATH_SEARCH_PATHS = (
					"$(inherited)",
					"@executable_path/Frameworks",
					"@loader_path/Frameworks",
				);
				MACH_O_TYPE = staticlib;
				ONLY_ACTIVE_ARCH = NO;
				OTHER_LDFLAGS = (
					"$(inherited)",
					"-ObjC",
				);
				PRODUCT_BUNDLE_IDENTIFIER = com.willian.TFWSDK;
				PRODUCT_NAME = "$(TARGET_NAME:c99extidentifier)";
				SKIP_INSTALL = YES;
				TARGETED_DEVICE_FAMILY = "1,2";
			};
			name = Release;
		};
/* End XCBuildConfiguration section */

/* Begin XCConfigurationList section */
		7DA355272589FF710097DB08 /* Build configuration list for PBXProject "TFWSDK" */ = {
			isa = XCConfigurationList;
			buildConfigurations = (
				7DA355332589FF710097DB08 /* Debug */,
				7DA355342589FF710097DB08 /* Release */,
			);
			defaultConfigurationIsVisible = 0;
			defaultConfigurationName = Release;
		};
		7DA355352589FF710097DB08 /* Build configuration list for PBXNativeTarget "TFWSDK" */ = {
			isa = XCConfigurationList;
			buildConfigurations = (
				7DA355362589FF710097DB08 /* Debug */,
				7DA355372589FF710097DB08 /* Release */,
			);
			defaultConfigurationIsVisible = 0;
			defaultConfigurationName = Release;
		};
/* End XCConfigurationList section */
	};
	rootObject = 7DA355242589FF710097DB08 /* Project object */;
}
